
Microsoft Visual Studio Solution File, Format Version 12.00
# Visual Studio Version 17
VisualStudioVersion = 17.4.33110.190
MinimumVisualStudioVersion = 10.0.40219.1
Project("{FAE04EC0-301F-11D3-BF4B-00C04F79EFBC}") = "Pop_Georgiana_Lab6", "Pop_Georgiana_Lab6\Pop_Georgiana_Lab6.csproj", "{EA0A13D2-3A98-43C7-86C2-B649B514C877}"
EndProject
Global
	GlobalSection(SolutionConfigurationPlatforms) = preSolution
		Debug|Any CPU = Debug|Any CPU
		Release|Any CPU = Release|Any CPU
	EndGlobalSection
	GlobalSection(ProjectConfigurationPlatforms) = postSolution
		{EA0A13D2-3A98-43C7-86C2-B649B514C877}.Debug|Any CPU.ActiveCfg = Debug|Any CPU
		{EA0A13D2-3A98-43C7-86C2-B649B514C877}.Debug|Any CPU.Build.0 = Debug|Any CPU
		{EA0A13D2-3A98-43C7-86C2-B649B514C877}.Release|Any CPU.ActiveCfg = Release|Any CPU
		{EA0A13D2-3A98-43C7-86C2-B649B514C877}.Release|Any CPU.Build.0 = Release|Any CPU
	EndGlobalSection
	GlobalSection(SolutionProperties) = preSolution
		HideSolutionNode = FALSE
	EndGlobalSection
	GlobalSection(ExtensibilityGlobals) = postSolution
		SolutionGuid = {E88D0D3F-FFF4-4BAB-8953-7488F2B5F6F7}
	EndGlobalSection
EndGlobal
